
Microsoft Visual Studio Solution File, Format Version 12.00
# Visual Studio Version 17
VisualStudioVersion = 17.11.35327.3
MinimumVisualStudioVersion = 10.0.40219.1
Project("{9A19103F-16F7-4668-BE54-9A1E7A4F7556}") = "ElendilsLight", "ElendilsLight\ElendilsLight.csproj", "{ED95B3E0-793A-4A63-AF5C-80C50EC42440}"
EndProject
Project("{FAE04EC0-301F-11D3-BF4B-00C04F79EFBC}") = "ElendilsLightTest", "ElendilsLightTest\ElendilsLightTest.csproj", "{40E17434-3BCB-4267-BE7C-C6A5201ECA30}"
EndProject
Project("{FAE04EC0-301F-11D3-BF4B-00C04F79EFBC}") = "ExceptionTest", "ExceptionTest\ExceptionTest.csproj", "{2F07242A-EE0C-4F9C-A538-413A963F34EA}"
EndProject
Global
	GlobalSection(SolutionConfigurationPlatforms) = preSolution
		Debug|Any CPU = Debug|Any CPU
		Release|Any CPU = Release|Any CPU
	EndGlobalSection
	GlobalSection(ProjectConfigurationPlatforms) = postSolution
		{ED95B3E0-793A-4A63-AF5C-80C50EC42440}.Debug|Any CPU.ActiveCfg = Debug|Any CPU
		{ED95B3E0-793A-4A63-AF5C-80C50EC42440}.Debug|Any CPU.Build.0 = Debug|Any CPU
		{ED95B3E0-793A-4A63-AF5C-80C50EC42440}.Release|Any CPU.ActiveCfg = Release|Any CPU
		{ED95B3E0-793A-4A63-AF5C-80C50EC42440}.Release|Any CPU.Build.0 = Release|Any CPU
		{40E17434-3BCB-4267-BE7C-C6A5201ECA30}.Debug|Any CPU.ActiveCfg = Debug|Any CPU
		{40E17434-3BCB-4267-BE7C-C6A5201ECA30}.Debug|Any CPU.Build.0 = Debug|Any CPU
		{40E17434-3BCB-4267-BE7C-C6A5201ECA30}.Release|Any CPU.ActiveCfg = Release|Any CPU
		{40E17434-3BCB-4267-BE7C-C6A5201ECA30}.Release|Any CPU.Build.0 = Release|Any CPU
		{2F07242A-EE0C-4F9C-A538-413A963F34EA}.Debug|Any CPU.ActiveCfg = Debug|Any CPU
		{2F07242A-EE0C-4F9C-A538-413A963F34EA}.Debug|Any CPU.Build.0 = Debug|Any CPU
		{2F07242A-EE0C-4F9C-A538-413A963F34EA}.Release|Any CPU.ActiveCfg = Release|Any CPU
		{2F07242A-EE0C-4F9C-A538-413A963F34EA}.Release|Any CPU.Build.0 = Release|Any CPU
	EndGlobalSection
	GlobalSection(SolutionProperties) = preSolution
		HideSolutionNode = FALSE
	EndGlobalSection
	GlobalSection(ExtensibilityGlobals) = postSolution
		SolutionGuid = {552372B9-E2AA-4368-9A2D-7EC345B2FE01}
	EndGlobalSection
EndGlobal
